// !$*UTF8*$!
{
	archiveVersion = 1;
	classes = {
	};
	objectVersion = 46;
	objects = {

/* Begin PBXBuildFile section */
		CC0118F61A6CE382004A4FE0 /* main.m in Sources */ = {isa = PBXBuildFile; fileRef = CC0118F51A6CE382004A4FE0 /* main.m */; };
		CC0118F91A6CE382004A4FE0 /* AppDelegate.m in Sources */ = {isa = PBXBuildFile; fileRef = CC0118F81A6CE382004A4FE0 /* AppDelegate.m */; };
		CC0118FC1A6CE382004A4FE0 /* ViewController.m in Sources */ = {isa = PBXBuildFile; fileRef = CC0118FB1A6CE382004A4FE0 /* ViewController.m */; };
		CC0118FF1A6CE382004A4FE0 /* Main.storyboard in Resources */ = {isa = PBXBuildFile; fileRef = CC0118FD1A6CE382004A4FE0 /* Main.storyboard */; };
		CC0119011A6CE382004A4FE0 /* Images.xcassets in Resources */ = {isa = PBXBuildFile; fileRef = CC0119001A6CE382004A4FE0 /* Images.xcassets */; };
		CC0119041A6CE382004A4FE0 /* LaunchScreen.xib in Resources */ = {isa = PBXBuildFile; fileRef = CC0119021A6CE382004A4FE0 /* LaunchScreen.xib */; };
		CC0119101A6CE382004A4FE0 /* Code_UpTests.m in Sources */ = {isa = PBXBuildFile; fileRef = CC01190F1A6CE382004A4FE0 /* Code_UpTests.m */; };
		CC01191A1A6DE668004A4FE0 /* UIKit.framework in Frameworks */ = {isa = PBXBuildFile; fileRef = CC0119191A6DE668004A4FE0 /* UIKit.framework */; };
		CC01191C1A6DE670004A4FE0 /* Foundation.framework in Frameworks */ = {isa = PBXBuildFile; fileRef = CC01191B1A6DE670004A4FE0 /* Foundation.framework */; };
		CC01191E1A6DE6C7004A4FE0 /* CoreGraphics.framework in Frameworks */ = {isa = PBXBuildFile; fileRef = CC01191D1A6DE6C7004A4FE0 /* CoreGraphics.framework */; };
		CC0119201A6DE70F004A4FE0 /* QuartzCore.framework in Frameworks */ = {isa = PBXBuildFile; fileRef = CC01191F1A6DE70F004A4FE0 /* QuartzCore.framework */; };
/* End PBXBuildFile section */

/* Begin PBXContainerItemProxy section */
		CC01190A1A6CE382004A4FE0 /* PBXContainerItemProxy */ = {
			isa = PBXContainerItemProxy;
			containerPortal = CC0118E81A6CE382004A4FE0 /* Project object */;
			proxyType = 1;
			remoteGlobalIDString = CC0118EF1A6CE382004A4FE0;
			remoteInfo = "Code-Up";
		};
		CCD4D6911A6EF8B700EB5B98 /* PBXContainerItemProxy */ = {
			isa = PBXContainerItemProxy;
			containerPortal = CCD4D6891A6EF8B700EB5B98 /* OctoKit.xcodeproj */;
			proxyType = 2;
			remoteGlobalIDString = D0871EA8169E2EFC00016ACA;
			remoteInfo = "OctoKit Mac";
		};
		CCD4D6931A6EF8B700EB5B98 /* PBXContainerItemProxy */ = {
			isa = PBXContainerItemProxy;
			containerPortal = CCD4D6891A6EF8B700EB5B98 /* OctoKit.xcodeproj */;
			proxyType = 2;
			remoteGlobalIDString = D0871EC0169E2EFC00016ACA;
			remoteInfo = "OctoKit Mac Tests";
		};
		CCD4D6951A6EF8B700EB5B98 /* PBXContainerItemProxy */ = {
			isa = PBXContainerItemProxy;
			containerPortal = CCD4D6891A6EF8B700EB5B98 /* OctoKit.xcodeproj */;
			proxyType = 2;
			remoteGlobalIDString = D0040CF319FEC579002869A6;
			remoteInfo = "OctoKit iOS";
		};
		CCD4D6971A6EF8B700EB5B98 /* PBXContainerItemProxy */ = {
			isa = PBXContainerItemProxy;
			containerPortal = CCD4D6891A6EF8B700EB5B98 /* OctoKit.xcodeproj */;
			proxyType = 2;
			remoteGlobalIDString = D0040CFD19FEC579002869A6;
			remoteInfo = "OctoKit iOS Tests";
		};
		CCD4D6A01A6EF8D700EB5B98 /* PBXContainerItemProxy */ = {
			isa = PBXContainerItemProxy;
			containerPortal = CCD4D6991A6EF8D700EB5B98 /* OctoKitDependencies.xcodeproj */;
			proxyType = 2;
			remoteGlobalIDString = D0476DBD177916920071F3CB;
			remoteInfo = "AFNetworking Mac";
		};
		CCD4D6A21A6EF8D700EB5B98 /* PBXContainerItemProxy */ = {
			isa = PBXContainerItemProxy;
			containerPortal = CCD4D6991A6EF8D700EB5B98 /* OctoKitDependencies.xcodeproj */;
			proxyType = 2;
			remoteGlobalIDString = D0040C9919FEC274002869A6;
			remoteInfo = "AFNetworking iOS";
		};
		CCD4D6A41A6EF8D700EB5B98 /* PBXContainerItemProxy */ = {
			isa = PBXContainerItemProxy;
			containerPortal = CCD4D6991A6EF8D700EB5B98 /* OctoKitDependencies.xcodeproj */;
			proxyType = 2;
			remoteGlobalIDString = D0476E5E17791AA50071F3CB;
			remoteInfo = "ISO8601DateFormatter Mac";
		};
		CCD4D6A61A6EF8D700EB5B98 /* PBXContainerItemProxy */ = {
			isa = PBXContainerItemProxy;
			containerPortal = CCD4D6991A6EF8D700EB5B98 /* OctoKitDependencies.xcodeproj */;
			proxyType = 2;
			remoteGlobalIDString = D0040CBB19FEC418002869A6;
			remoteInfo = "ISO8601DateFormatter iOS";
		};
		CCD4D6AF1A6EF92900EB5B98 /* PBXContainerItemProxy */ = {
			isa = PBXContainerItemProxy;
			containerPortal = CCD4D6A81A6EF92900EB5B98 /* ReactiveCocoa.xcodeproj */;
			proxyType = 2;
			remoteGlobalIDString = D04725EA19E49ED7006002AA;
			remoteInfo = "ReactiveCocoa-Mac";
		};
		CCD4D6B11A6EF92900EB5B98 /* PBXContainerItemProxy */ = {
			isa = PBXContainerItemProxy;
			containerPortal = CCD4D6A81A6EF92900EB5B98 /* ReactiveCocoa.xcodeproj */;
			proxyType = 2;
			remoteGlobalIDString = D04725F519E49ED7006002AA;
			remoteInfo = "ReactiveCocoa-MacTests";
		};
		CCD4D6B31A6EF92900EB5B98 /* PBXContainerItemProxy */ = {
			isa = PBXContainerItemProxy;
			containerPortal = CCD4D6A81A6EF92900EB5B98 /* ReactiveCocoa.xcodeproj */;
			proxyType = 2;
			remoteGlobalIDString = D047260C19E49F82006002AA;
			remoteInfo = "ReactiveCocoa-iOS";
		};
		CCD4D6B51A6EF92900EB5B98 /* PBXContainerItemProxy */ = {
			isa = PBXContainerItemProxy;
			containerPortal = CCD4D6A81A6EF92900EB5B98 /* ReactiveCocoa.xcodeproj */;
			proxyType = 2;
			remoteGlobalIDString = D047261619E49F82006002AA;
			remoteInfo = "ReactiveCocoa-iOSTests";
		};
		CCD4D6BE1A6EF95900EB5B98 /* PBXContainerItemProxy */ = {
			isa = PBXContainerItemProxy;
			containerPortal = CCD4D6B71A6EF95900EB5B98 /* Mantle.xcodeproj */;
			proxyType = 2;
			remoteGlobalIDString = D042FC3C15F72B23004E8054;
			remoteInfo = "Mantle-Mac";
		};
		CCD4D6C01A6EF95900EB5B98 /* PBXContainerItemProxy */ = {
			isa = PBXContainerItemProxy;
			containerPortal = CCD4D6B71A6EF95900EB5B98 /* Mantle.xcodeproj */;
			proxyType = 2;
			remoteGlobalIDString = D042FC5415F72B23004E8054;
			remoteInfo = "Mantle-MacTests";
		};
		CCD4D6C21A6EF95900EB5B98 /* PBXContainerItemProxy */ = {
			isa = PBXContainerItemProxy;
			containerPortal = CCD4D6B71A6EF95900EB5B98 /* Mantle.xcodeproj */;
			proxyType = 2;
			remoteGlobalIDString = D0E9C35719F6DB38000D427D;
			remoteInfo = "Mantle-iOS";
		};
		CCD4D6C41A6EF95900EB5B98 /* PBXContainerItemProxy */ = {
			isa = PBXContainerItemProxy;
			containerPortal = CCD4D6B71A6EF95900EB5B98 /* Mantle.xcodeproj */;
			proxyType = 2;
			remoteGlobalIDString = D0E9C36119F6DB38000D427D;
			remoteInfo = "Mantle-iOSTests";
		};
/* End PBXContainerItemProxy section */

/* Begin PBXFileReference section */
		CC0118F01A6CE382004A4FE0 /* Code-Up.app */ = {isa = PBXFileReference; explicitFileType = wrapper.application; includeInIndex = 0; path = "Code-Up.app"; sourceTree = BUILT_PRODUCTS_DIR; };
		CC0118F41A6CE382004A4FE0 /* Info.plist */ = {isa = PBXFileReference; lastKnownFileType = text.plist.xml; path = Info.plist; sourceTree = "<group>"; };
		CC0118F51A6CE382004A4FE0 /* main.m */ = {isa = PBXFileReference; lastKnownFileType = sourcecode.c.objc; path = main.m; sourceTree = "<group>"; };
		CC0118F71A6CE382004A4FE0 /* AppDelegate.h */ = {isa = PBXFileReference; lastKnownFileType = sourcecode.c.h; path = AppDelegate.h; sourceTree = "<group>"; };
		CC0118F81A6CE382004A4FE0 /* AppDelegate.m */ = {isa = PBXFileReference; lastKnownFileType = sourcecode.c.objc; path = AppDelegate.m; sourceTree = "<group>"; };
		CC0118FA1A6CE382004A4FE0 /* ViewController.h */ = {isa = PBXFileReference; lastKnownFileType = sourcecode.c.h; path = ViewController.h; sourceTree = "<group>"; };
		CC0118FB1A6CE382004A4FE0 /* ViewController.m */ = {isa = PBXFileReference; lastKnownFileType = sourcecode.c.objc; path = ViewController.m; sourceTree = "<group>"; };
		CC0118FE1A6CE382004A4FE0 /* Base */ = {isa = PBXFileReference; lastKnownFileType = file.storyboard; name = Base; path = Base.lproj/Main.storyboard; sourceTree = "<group>"; };
		CC0119001A6CE382004A4FE0 /* Images.xcassets */ = {isa = PBXFileReference; lastKnownFileType = folder.assetcatalog; path = Images.xcassets; sourceTree = "<group>"; };
		CC0119031A6CE382004A4FE0 /* Base */ = {isa = PBXFileReference; lastKnownFileType = file.xib; name = Base; path = Base.lproj/LaunchScreen.xib; sourceTree = "<group>"; };
		CC0119091A6CE382004A4FE0 /* Code-UpTests.xctest */ = {isa = PBXFileReference; explicitFileType = wrapper.cfbundle; includeInIndex = 0; path = "Code-UpTests.xctest"; sourceTree = BUILT_PRODUCTS_DIR; };
		CC01190E1A6CE382004A4FE0 /* Info.plist */ = {isa = PBXFileReference; lastKnownFileType = text.plist.xml; path = Info.plist; sourceTree = "<group>"; };
		CC01190F1A6CE382004A4FE0 /* Code_UpTests.m */ = {isa = PBXFileReference; lastKnownFileType = sourcecode.c.objc; path = Code_UpTests.m; sourceTree = "<group>"; };
		CC0119191A6DE668004A4FE0 /* UIKit.framework */ = {isa = PBXFileReference; lastKnownFileType = wrapper.framework; name = UIKit.framework; path = System/Library/Frameworks/UIKit.framework; sourceTree = SDKROOT; };
		CC01191B1A6DE670004A4FE0 /* Foundation.framework */ = {isa = PBXFileReference; lastKnownFileType = wrapper.framework; name = Foundation.framework; path = System/Library/Frameworks/Foundation.framework; sourceTree = SDKROOT; };
		CC01191D1A6DE6C7004A4FE0 /* CoreGraphics.framework */ = {isa = PBXFileReference; lastKnownFileType = wrapper.framework; name = CoreGraphics.framework; path = System/Library/Frameworks/CoreGraphics.framework; sourceTree = SDKROOT; };
		CC01191F1A6DE70F004A4FE0 /* QuartzCore.framework */ = {isa = PBXFileReference; lastKnownFileType = wrapper.framework; name = QuartzCore.framework; path = System/Library/Frameworks/QuartzCore.framework; sourceTree = SDKROOT; };
		CCD4D6891A6EF8B700EB5B98 /* OctoKit.xcodeproj */ = {isa = PBXFileReference; lastKnownFileType = "wrapper.pb-project"; name = OctoKit.xcodeproj; path = octokit.objc/OctoKit.xcodeproj; sourceTree = "<group>"; };
		CCD4D6991A6EF8D700EB5B98 /* OctoKitDependencies.xcodeproj */ = {isa = PBXFileReference; lastKnownFileType = "wrapper.pb-project"; name = OctoKitDependencies.xcodeproj; path = octokit.objc/External/OctoKitDependencies/OctoKitDependencies.xcodeproj; sourceTree = "<group>"; };
		CCD4D6A81A6EF92900EB5B98 /* ReactiveCocoa.xcodeproj */ = {isa = PBXFileReference; lastKnownFileType = "wrapper.pb-project"; name = ReactiveCocoa.xcodeproj; path = "../../Downloads/ReactiveCocoa-master/ReactiveCocoa.xcodeproj"; sourceTree = "<group>"; };
		CCD4D6B71A6EF95900EB5B98 /* Mantle.xcodeproj */ = {isa = PBXFileReference; lastKnownFileType = "wrapper.pb-project"; name = Mantle.xcodeproj; path = "../../Downloads/Mantle-master/Mantle.xcodeproj"; sourceTree = "<group>"; };
/* End PBXFileReference section */

/* Begin PBXFrameworksBuildPhase section */
		CC0118ED1A6CE382004A4FE0 /* Frameworks */ = {
			isa = PBXFrameworksBuildPhase;
			buildActionMask = 2147483647;
			files = (
				CC0119201A6DE70F004A4FE0 /* QuartzCore.framework in Frameworks */,
				CC01191E1A6DE6C7004A4FE0 /* CoreGraphics.framework in Frameworks */,
				CC01191C1A6DE670004A4FE0 /* Foundation.framework in Frameworks */,
				CC01191A1A6DE668004A4FE0 /* UIKit.framework in Frameworks */,
			);
			runOnlyForDeploymentPostprocessing = 0;
		};
		CC0119061A6CE382004A4FE0 /* Frameworks */ = {
			isa = PBXFrameworksBuildPhase;
			buildActionMask = 2147483647;
			files = (
			);
			runOnlyForDeploymentPostprocessing = 0;
		};
/* End PBXFrameworksBuildPhase section */

/* Begin PBXGroup section */
		CC0118E71A6CE382004A4FE0 = {
			isa = PBXGroup;
			children = (
				CCD4D6B71A6EF95900EB5B98 /* Mantle.xcodeproj */,
				CCD4D6A81A6EF92900EB5B98 /* ReactiveCocoa.xcodeproj */,
				CCD4D6991A6EF8D700EB5B98 /* OctoKitDependencies.xcodeproj */,
				CCD4D6891A6EF8B700EB5B98 /* OctoKit.xcodeproj */,
				CC0118F21A6CE382004A4FE0 /* Code-Up */,
				CC01190C1A6CE382004A4FE0 /* Code-UpTests */,
				CC0118F11A6CE382004A4FE0 /* Products */,
				CC01191F1A6DE70F004A4FE0 /* QuartzCore.framework */,
				CC01191D1A6DE6C7004A4FE0 /* CoreGraphics.framework */,
				CC0119191A6DE668004A4FE0 /* UIKit.framework */,
				CC01191B1A6DE670004A4FE0 /* Foundation.framework */,
			);
			sourceTree = "<group>";
		};
		CC0118F11A6CE382004A4FE0 /* Products */ = {
			isa = PBXGroup;
			children = (
				CC0118F01A6CE382004A4FE0 /* Code-Up.app */,
				CC0119091A6CE382004A4FE0 /* Code-UpTests.xctest */,
			);
			name = Products;
			sourceTree = "<group>";
		};
		CC0118F21A6CE382004A4FE0 /* Code-Up */ = {
			isa = PBXGroup;
			children = (
				CC0118F71A6CE382004A4FE0 /* AppDelegate.h */,
				CC0118F81A6CE382004A4FE0 /* AppDelegate.m */,
				CC0118FA1A6CE382004A4FE0 /* ViewController.h */,
				CC0118FB1A6CE382004A4FE0 /* ViewController.m */,
				CC0118FD1A6CE382004A4FE0 /* Main.storyboard */,
				CC0119001A6CE382004A4FE0 /* Images.xcassets */,
				CC0119021A6CE382004A4FE0 /* LaunchScreen.xib */,
				CC0118F31A6CE382004A4FE0 /* Supporting Files */,
			);
			path = "Code-Up";
			sourceTree = "<group>";
		};
		CC0118F31A6CE382004A4FE0 /* Supporting Files */ = {
			isa = PBXGroup;
			children = (
				CC0118F41A6CE382004A4FE0 /* Info.plist */,
				CC0118F51A6CE382004A4FE0 /* main.m */,
			);
			name = "Supporting Files";
			sourceTree = "<group>";
		};
		CC01190C1A6CE382004A4FE0 /* Code-UpTests */ = {
			isa = PBXGroup;
			children = (
				CC01190F1A6CE382004A4FE0 /* Code_UpTests.m */,
				CC01190D1A6CE382004A4FE0 /* Supporting Files */,
			);
			path = "Code-UpTests";
			sourceTree = "<group>";
		};
		CC01190D1A6CE382004A4FE0 /* Supporting Files */ = {
			isa = PBXGroup;
			children = (
				CC01190E1A6CE382004A4FE0 /* Info.plist */,
			);
			name = "Supporting Files";
			sourceTree = "<group>";
		};
		CCD4D68A1A6EF8B700EB5B98 /* Products */ = {
			isa = PBXGroup;
			children = (
				CCD4D6921A6EF8B700EB5B98 /* OctoKit.framework */,
				CCD4D6941A6EF8B700EB5B98 /* OctoKit Mac Tests.xctest */,
				CCD4D6961A6EF8B700EB5B98 /* OctoKit.framework */,
				CCD4D6981A6EF8B700EB5B98 /* OctoKit iOS Tests.xctest */,
			);
			name = Products;
			sourceTree = "<group>";
		};
		CCD4D69A1A6EF8D700EB5B98 /* Products */ = {
			isa = PBXGroup;
			children = (
				CCD4D6A11A6EF8D700EB5B98 /* AFNetworking.framework */,
				CCD4D6A31A6EF8D700EB5B98 /* AFNetworking.framework */,
				CCD4D6A51A6EF8D700EB5B98 /* ISO8601DateFormatter.framework */,
				CCD4D6A71A6EF8D700EB5B98 /* ISO8601DateFormatter.framework */,
			);
			name = Products;
			sourceTree = "<group>";
		};
		CCD4D6A91A6EF92900EB5B98 /* Products */ = {
			isa = PBXGroup;
			children = (
				CCD4D6B01A6EF92900EB5B98 /* ReactiveCocoa.framework */,
				CCD4D6B21A6EF92900EB5B98 /* ReactiveCocoa-MacTests.xctest */,
				CCD4D6B41A6EF92900EB5B98 /* ReactiveCocoa.framework */,
				CCD4D6B61A6EF92900EB5B98 /* ReactiveCocoa-iOSTests.xctest */,
			);
			name = Products;
			sourceTree = "<group>";
		};
		CCD4D6B81A6EF95900EB5B98 /* Products */ = {
			isa = PBXGroup;
			children = (
				CCD4D6BF1A6EF95900EB5B98 /* Mantle.framework */,
				CCD4D6C11A6EF95900EB5B98 /* Mantle-MacTests.xctest */,
				CCD4D6C31A6EF95900EB5B98 /* Mantle.framework */,
				CCD4D6C51A6EF95900EB5B98 /* Mantle-iOSTests.xctest */,
			);
			name = Products;
			sourceTree = "<group>";
		};
/* End PBXGroup section */

/* Begin PBXNativeTarget section */
		CC0118EF1A6CE382004A4FE0 /* Code-Up */ = {
			isa = PBXNativeTarget;
			buildConfigurationList = CC0119131A6CE382004A4FE0 /* Build configuration list for PBXNativeTarget "Code-Up" */;
			buildPhases = (
				CC0118EC1A6CE382004A4FE0 /* Sources */,
				CC0118ED1A6CE382004A4FE0 /* Frameworks */,
				CC0118EE1A6CE382004A4FE0 /* Resources */,
			);
			buildRules = (
			);
			dependencies = (
			);
			name = "Code-Up";
			productName = "Code-Up";
			productReference = CC0118F01A6CE382004A4FE0 /* Code-Up.app */;
			productType = "com.apple.product-type.application";
		};
		CC0119081A6CE382004A4FE0 /* Code-UpTests */ = {
			isa = PBXNativeTarget;
			buildConfigurationList = CC0119161A6CE382004A4FE0 /* Build configuration list for PBXNativeTarget "Code-UpTests" */;
			buildPhases = (
				CC0119051A6CE382004A4FE0 /* Sources */,
				CC0119061A6CE382004A4FE0 /* Frameworks */,
				CC0119071A6CE382004A4FE0 /* Resources */,
			);
			buildRules = (
			);
			dependencies = (
				CC01190B1A6CE382004A4FE0 /* PBXTargetDependency */,
			);
			name = "Code-UpTests";
			productName = "Code-UpTests";
			productReference = CC0119091A6CE382004A4FE0 /* Code-UpTests.xctest */;
			productType = "com.apple.product-type.bundle.unit-test";
		};
/* End PBXNativeTarget section */

/* Begin PBXProject section */
		CC0118E81A6CE382004A4FE0 /* Project object */ = {
			isa = PBXProject;
			attributes = {
				LastUpgradeCheck = 0610;
				ORGANIZATIONNAME = "Adil  Virani";
				TargetAttributes = {
					CC0118EF1A6CE382004A4FE0 = {
						CreatedOnToolsVersion = 6.1.1;
					};
					CC0119081A6CE382004A4FE0 = {
						CreatedOnToolsVersion = 6.1.1;
						TestTargetID = CC0118EF1A6CE382004A4FE0;
					};
				};
			};
			buildConfigurationList = CC0118EB1A6CE382004A4FE0 /* Build configuration list for PBXProject "Code-Up" */;
			compatibilityVersion = "Xcode 3.2";
			developmentRegion = English;
			hasScannedForEncodings = 0;
			knownRegions = (
				en,
				Base,
			);
			mainGroup = CC0118E71A6CE382004A4FE0;
			productRefGroup = CC0118F11A6CE382004A4FE0 /* Products */;
			projectDirPath = "";
			projectReferences = (
				{
					ProductGroup = CCD4D6B81A6EF95900EB5B98 /* Products */;
					ProjectRef = CCD4D6B71A6EF95900EB5B98 /* Mantle.xcodeproj */;
				},
				{
					ProductGroup = CCD4D68A1A6EF8B700EB5B98 /* Products */;
					ProjectRef = CCD4D6891A6EF8B700EB5B98 /* OctoKit.xcodeproj */;
				},
				{
					ProductGroup = CCD4D69A1A6EF8D700EB5B98 /* Products */;
					ProjectRef = CCD4D6991A6EF8D700EB5B98 /* OctoKitDependencies.xcodeproj */;
				},
				{
					ProductGroup = CCD4D6A91A6EF92900EB5B98 /* Products */;
					ProjectRef = CCD4D6A81A6EF92900EB5B98 /* ReactiveCocoa.xcodeproj */;
				},
			);
			projectRoot = "";
			targets = (
				CC0118EF1A6CE382004A4FE0 /* Code-Up */,
				CC0119081A6CE382004A4FE0 /* Code-UpTests */,
			);
		};
/* End PBXProject section */

/* Begin PBXReferenceProxy section */
		CCD4D6921A6EF8B700EB5B98 /* OctoKit.framework */ = {
			isa = PBXReferenceProxy;
			fileType = wrapper.framework;
			path = OctoKit.framework;
			remoteRef = CCD4D6911A6EF8B700EB5B98 /* PBXContainerItemProxy */;
			sourceTree = BUILT_PRODUCTS_DIR;
		};
		CCD4D6941A6EF8B700EB5B98 /* OctoKit Mac Tests.xctest */ = {
			isa = PBXReferenceProxy;
			fileType = wrapper.cfbundle;
			path = "OctoKit Mac Tests.xctest";
			remoteRef = CCD4D6931A6EF8B700EB5B98 /* PBXContainerItemProxy */;
			sourceTree = BUILT_PRODUCTS_DIR;
		};
		CCD4D6961A6EF8B700EB5B98 /* OctoKit.framework */ = {
			isa = PBXReferenceProxy;
			fileType = wrapper.framework;
			path = OctoKit.framework;
			remoteRef = CCD4D6951A6EF8B700EB5B98 /* PBXContainerItemProxy */;
			sourceTree = BUILT_PRODUCTS_DIR;
		};
		CCD4D6981A6EF8B700EB5B98 /* OctoKit iOS Tests.xctest */ = {
			isa = PBXReferenceProxy;
			fileType = wrapper.cfbundle;
			path = "OctoKit iOS Tests.xctest";
			remoteRef = CCD4D6971A6EF8B700EB5B98 /* PBXContainerItemProxy */;
			sourceTree = BUILT_PRODUCTS_DIR;
		};
		CCD4D6A11A6EF8D700EB5B98 /* AFNetworking.framework */ = {
			isa = PBXReferenceProxy;
			fileType = wrapper.framework;
			path = AFNetworking.framework;
			remoteRef = CCD4D6A01A6EF8D700EB5B98 /* PBXContainerItemProxy */;
			sourceTree = BUILT_PRODUCTS_DIR;
		};
		CCD4D6A31A6EF8D700EB5B98 /* AFNetworking.framework */ = {
			isa = PBXReferenceProxy;
			fileType = wrapper.framework;
			path = AFNetworking.framework;
			remoteRef = CCD4D6A21A6EF8D700EB5B98 /* PBXContainerItemProxy */;
			sourceTree = BUILT_PRODUCTS_DIR;
		};
		CCD4D6A51A6EF8D700EB5B98 /* ISO8601DateFormatter.framework */ = {
			isa = PBXReferenceProxy;
			fileType = wrapper.framework;
			path = ISO8601DateFormatter.framework;
			remoteRef = CCD4D6A41A6EF8D700EB5B98 /* PBXContainerItemProxy */;
			sourceTree = BUILT_PRODUCTS_DIR;
		};
		CCD4D6A71A6EF8D700EB5B98 /* ISO8601DateFormatter.framework */ = {
			isa = PBXReferenceProxy;
			fileType = wrapper.framework;
			path = ISO8601DateFormatter.framework;
			remoteRef = CCD4D6A61A6EF8D700EB5B98 /* PBXContainerItemProxy */;
			sourceTree = BUILT_PRODUCTS_DIR;
		};
		CCD4D6B01A6EF92900EB5B98 /* ReactiveCocoa.framework */ = {
			isa = PBXReferenceProxy;
			fileType = wrapper.framework;
			name = ReactiveCocoa.framework;
			path = .framework;
			remoteRef = CCD4D6AF1A6EF92900EB5B98 /* PBXContainerItemProxy */;
			sourceTree = BUILT_PRODUCTS_DIR;
		};
		CCD4D6B21A6EF92900EB5B98 /* ReactiveCocoa-MacTests.xctest */ = {
			isa = PBXReferenceProxy;
			fileType = wrapper.cfbundle;
			path = "ReactiveCocoa-MacTests.xctest";
			remoteRef = CCD4D6B11A6EF92900EB5B98 /* PBXContainerItemProxy */;
			sourceTree = BUILT_PRODUCTS_DIR;
		};
		CCD4D6B41A6EF92900EB5B98 /* ReactiveCocoa.framework */ = {
			isa = PBXReferenceProxy;
			fileType = wrapper.framework;
			name = ReactiveCocoa.framework;
			path = .framework;
			remoteRef = CCD4D6B31A6EF92900EB5B98 /* PBXContainerItemProxy */;
			sourceTree = BUILT_PRODUCTS_DIR;
		};
		CCD4D6B61A6EF92900EB5B98 /* ReactiveCocoa-iOSTests.xctest */ = {
			isa = PBXReferenceProxy;
			fileType = wrapper.cfbundle;
			path = "ReactiveCocoa-iOSTests.xctest";
			remoteRef = CCD4D6B51A6EF92900EB5B98 /* PBXContainerItemProxy */;
			sourceTree = BUILT_PRODUCTS_DIR;
		};
		CCD4D6BF1A6EF95900EB5B98 /* Mantle.framework */ = {
			isa = PBXReferenceProxy;
			fileType = wrapper.framework;
			name = Mantle.framework;
			path = .framework;
			remoteRef = CCD4D6BE1A6EF95900EB5B98 /* PBXContainerItemProxy */;
			sourceTree = BUILT_PRODUCTS_DIR;
		};
		CCD4D6C11A6EF95900EB5B98 /* Mantle-MacTests.xctest */ = {
			isa = PBXReferenceProxy;
			fileType = wrapper.cfbundle;
			path = "Mantle-MacTests.xctest";
			remoteRef = CCD4D6C01A6EF95900EB5B98 /* PBXContainerItemProxy */;
			sourceTree = BUILT_PRODUCTS_DIR;
		};
		CCD4D6C31A6EF95900EB5B98 /* Mantle.framework */ = {
			isa = PBXReferenceProxy;
			fileType = wrapper.framework;
			name = Mantle.framework;
			path = .framework;
			remoteRef = CCD4D6C21A6EF95900EB5B98 /* PBXContainerItemProxy */;
			sourceTree = BUILT_PRODUCTS_DIR;
		};
		CCD4D6C51A6EF95900EB5B98 /* Mantle-iOSTests.xctest */ = {
			isa = PBXReferenceProxy;
			fileType = wrapper.cfbundle;
			path = "Mantle-iOSTests.xctest";
			remoteRef = CCD4D6C41A6EF95900EB5B98 /* PBXContainerItemProxy */;
			sourceTree = BUILT_PRODUCTS_DIR;
		};
/* End PBXReferenceProxy section */

/* Begin PBXResourcesBuildPhase section */
		CC0118EE1A6CE382004A4FE0 /* Resources */ = {
			isa = PBXResourcesBuildPhase;
			buildActionMask = 2147483647;
			files = (
				CC0118FF1A6CE382004A4FE0 /* Main.storyboard in Resources */,
				CC0119041A6CE382004A4FE0 /* LaunchScreen.xib in Resources */,
				CC0119011A6CE382004A4FE0 /* Images.xcassets in Resources */,
			);
			runOnlyForDeploymentPostprocessing = 0;
		};
		CC0119071A6CE382004A4FE0 /* Resources */ = {
			isa = PBXResourcesBuildPhase;
			buildActionMask = 2147483647;
			files = (
			);
			runOnlyForDeploymentPostprocessing = 0;
		};
/* End PBXResourcesBuildPhase section */

/* Begin PBXSourcesBuildPhase section */
		CC0118EC1A6CE382004A4FE0 /* Sources */ = {
			isa = PBXSourcesBuildPhase;
			buildActionMask = 2147483647;
			files = (
				CC0118FC1A6CE382004A4FE0 /* ViewController.m in Sources */,
				CC0118F91A6CE382004A4FE0 /* AppDelegate.m in Sources */,
				CC0118F61A6CE382004A4FE0 /* main.m in Sources */,
			);
			runOnlyForDeploymentPostprocessing = 0;
		};
		CC0119051A6CE382004A4FE0 /* Sources */ = {
			isa = PBXSourcesBuildPhase;
			buildActionMask = 2147483647;
			files = (
				CC0119101A6CE382004A4FE0 /* Code_UpTests.m in Sources */,
			);
			runOnlyForDeploymentPostprocessing = 0;
		};
/* End PBXSourcesBuildPhase section */

/* Begin PBXTargetDependency section */
		CC01190B1A6CE382004A4FE0 /* PBXTargetDependency */ = {
			isa = PBXTargetDependency;
			target = CC0118EF1A6CE382004A4FE0 /* Code-Up */;
			targetProxy = CC01190A1A6CE382004A4FE0 /* PBXContainerItemProxy */;
		};
/* End PBXTargetDependency section */

/* Begin PBXVariantGroup section */
		CC0118FD1A6CE382004A4FE0 /* Main.storyboard */ = {
			isa = PBXVariantGroup;
			children = (
				CC0118FE1A6CE382004A4FE0 /* Base */,
			);
			name = Main.storyboard;
			sourceTree = "<group>";
		};
		CC0119021A6CE382004A4FE0 /* LaunchScreen.xib */ = {
			isa = PBXVariantGroup;
			children = (
				CC0119031A6CE382004A4FE0 /* Base */,
			);
			name = LaunchScreen.xib;
			sourceTree = "<group>";
		};
/* End PBXVariantGroup section */

/* Begin XCBuildConfiguration section */
		CC0119111A6CE382004A4FE0 /* Debug */ = {
			isa = XCBuildConfiguration;
			buildSettings = {
				ALWAYS_SEARCH_USER_PATHS = NO;
				CLANG_CXX_LANGUAGE_STANDARD = "gnu++0x";
				CLANG_CXX_LIBRARY = "libc++";
				CLANG_ENABLE_MODULES = YES;
				CLANG_ENABLE_OBJC_ARC = YES;
				CLANG_WARN_BOOL_CONVERSION = YES;
				CLANG_WARN_CONSTANT_CONVERSION = YES;
				CLANG_WARN_DIRECT_OBJC_ISA_USAGE = YES_ERROR;
				CLANG_WARN_EMPTY_BODY = YES;
				CLANG_WARN_ENUM_CONVERSION = YES;
				CLANG_WARN_INT_CONVERSION = YES;
				CLANG_WARN_OBJC_ROOT_CLASS = YES_ERROR;
				CLANG_WARN_UNREACHABLE_CODE = YES;
				CLANG_WARN__DUPLICATE_METHOD_MATCH = YES;
				"CODE_SIGN_IDENTITY[sdk=iphoneos*]" = "iPhone Developer";
				COPY_PHASE_STRIP = NO;
				ENABLE_STRICT_OBJC_MSGSEND = YES;
				GCC_C_LANGUAGE_STANDARD = gnu99;
				GCC_DYNAMIC_NO_PIC = NO;
				GCC_OPTIMIZATION_LEVEL = 0;
				GCC_PREPROCESSOR_DEFINITIONS = (
					"DEBUG=1",
					"$(inherited)",
				);
				GCC_SYMBOLS_PRIVATE_EXTERN = NO;
				GCC_WARN_64_TO_32_BIT_CONVERSION = YES;
				GCC_WARN_ABOUT_RETURN_TYPE = YES_ERROR;
				GCC_WARN_UNDECLARED_SELECTOR = YES;
				GCC_WARN_UNINITIALIZED_AUTOS = YES_AGGRESSIVE;
				GCC_WARN_UNUSED_FUNCTION = YES;
				GCC_WARN_UNUSED_VARIABLE = YES;
				IPHONEOS_DEPLOYMENT_TARGET = 8.1;
				MTL_ENABLE_DEBUG_INFO = YES;
				ONLY_ACTIVE_ARCH = YES;
				SDKROOT = iphoneos;
			};
			name = Debug;
		};
		CC0119121A6CE382004A4FE0 /* Release */ = {
			isa = XCBuildConfiguration;
			buildSettings = {
				ALWAYS_SEARCH_USER_PATHS = NO;
				CLANG_CXX_LANGUAGE_STANDARD = "gnu++0x";
				CLANG_CXX_LIBRARY = "libc++";
				CLANG_ENABLE_MODULES = YES;
				CLANG_ENABLE_OBJC_ARC = YES;
				CLANG_WARN_BOOL_CONVERSION = YES;
				CLANG_WARN_CONSTANT_CONVERSION = YES;
				CLANG_WARN_DIRECT_OBJC_ISA_USAGE = YES_ERROR;
				CLANG_WARN_EMPTY_BODY = YES;
				CLANG_WARN_ENUM_CONVERSION = YES;
				CLANG_WARN_INT_CONVERSION = YES;
				CLANG_WARN_OBJC_ROOT_CLASS = YES_ERROR;
				CLANG_WARN_UNREACHABLE_CODE = YES;
				CLANG_WARN__DUPLICATE_METHOD_MATCH = YES;
				"CODE_SIGN_IDENTITY[sdk=iphoneos*]" = "iPhone Developer";
				COPY_PHASE_STRIP = YES;
				ENABLE_NS_ASSERTIONS = NO;
				ENABLE_STRICT_OBJC_MSGSEND = YES;
				GCC_C_LANGUAGE_STANDARD = gnu99;
				GCC_WARN_64_TO_32_BIT_CONVERSION = YES;
				GCC_WARN_ABOUT_RETURN_TYPE = YES_ERROR;
				GCC_WARN_UNDECLARED_SELECTOR = YES;
				GCC_WARN_UNINITIALIZED_AUTOS = YES_AGGRESSIVE;
				GCC_WARN_UNUSED_FUNCTION = YES;
				GCC_WARN_UNUSED_VARIABLE = YES;
				IPHONEOS_DEPLOYMENT_TARGET = 8.1;
				MTL_ENABLE_DEBUG_INFO = NO;
				SDKROOT = iphoneos;
				VALIDATE_PRODUCT = YES;
			};
			name = Release;
		};
		CC0119141A6CE382004A4FE0 /* Debug */ = {
			isa = XCBuildConfiguration;
			buildSettings = {
				ASSETCATALOG_COMPILER_APPICON_NAME = AppIcon;
				INFOPLIST_FILE = "Code-Up/Info.plist";
				LD_RUNPATH_SEARCH_PATHS = "$(inherited) @executable_path/Frameworks";
				PRODUCT_NAME = "$(TARGET_NAME)";
			};
			name = Debug;
		};
		CC0119151A6CE382004A4FE0 /* Release */ = {
			isa = XCBuildConfiguration;
			buildSettings = {
				ASSETCATALOG_COMPILER_APPICON_NAME = AppIcon;
				INFOPLIST_FILE = "Code-Up/Info.plist";
				LD_RUNPATH_SEARCH_PATHS = "$(inherited) @executable_path/Frameworks";
				PRODUCT_NAME = "$(TARGET_NAME)";
			};
			name = Release;
		};
		CC0119171A6CE382004A4FE0 /* Debug */ = {
			isa = XCBuildConfiguration;
			buildSettings = {
				BUNDLE_LOADER = "$(TEST_HOST)";
				FRAMEWORK_SEARCH_PATHS = (
					"$(SDKROOT)/Developer/Library/Frameworks",
					"$(inherited)",
				);
				GCC_PREPROCESSOR_DEFINITIONS = (
					"DEBUG=1",
					"$(inherited)",
				);
				INFOPLIST_FILE = "Code-UpTests/Info.plist";
				LD_RUNPATH_SEARCH_PATHS = "$(inherited) @executable_path/Frameworks @loader_path/Frameworks";
				PRODUCT_NAME = "$(TARGET_NAME)";
				TEST_HOST = "$(BUILT_PRODUCTS_DIR)/Code-Up.app/Code-Up";
			};
			name = Debug;
		};
		CC0119181A6CE382004A4FE0 /* Release */ = {
			isa = XCBuildConfiguration;
			buildSettings = {
				BUNDLE_LOADER = "$(TEST_HOST)";
				FRAMEWORK_SEARCH_PATHS = (
					"$(SDKROOT)/Developer/Library/Frameworks",
					"$(inherited)",
				);
				INFOPLIST_FILE = "Code-UpTests/Info.plist";
				LD_RUNPATH_SEARCH_PATHS = "$(inherited) @executable_path/Frameworks @loader_path/Frameworks";
				PRODUCT_NAME = "$(TARGET_NAME)";
				TEST_HOST = "$(BUILT_PRODUCTS_DIR)/Code-Up.app/Code-Up";
			};
			name = Release;
		};
/* End XCBuildConfiguration section */

/* Begin XCConfigurationList section */
		CC0118EB1A6CE382004A4FE0 /* Build configuration list for PBXProject "Code-Up" */ = {
			isa = XCConfigurationList;
			buildConfigurations = (
				CC0119111A6CE382004A4FE0 /* Debug */,
				CC0119121A6CE382004A4FE0 /* Release */,
			);
			defaultConfigurationIsVisible = 0;
			defaultConfigurationName = Release;
		};
		CC0119131A6CE382004A4FE0 /* Build configuration list for PBXNativeTarget "Code-Up" */ = {
			isa = XCConfigurationList;
			buildConfigurations = (
				CC0119141A6CE382004A4FE0 /* Debug */,
				CC0119151A6CE382004A4FE0 /* Release */,
			);
			defaultConfigurationIsVisible = 0;
			defaultConfigurationName = Release;
		};
		CC0119161A6CE382004A4FE0 /* Build configuration list for PBXNativeTarget "Code-UpTests" */ = {
			isa = XCConfigurationList;
			buildConfigurations = (
				CC0119171A6CE382004A4FE0 /* Debug */,
				CC0119181A6CE382004A4FE0 /* Release */,
			);
			defaultConfigurationIsVisible = 0;
			defaultConfigurationName = Release;
		};
/* End XCConfigurationList section */
	};
	rootObject = CC0118E81A6CE382004A4FE0 /* Project object */;
}
