// !$*UTF8*$!
{
	archiveVersion = 1;
	classes = {
	};
	objectVersion = 46;
	objects = {

/* Begin PBXBuildFile section */
		CC0118F61A6CE382004A4FE0 /* main.m in Sources */ = {isa = PBXBuildFile; fileRef = CC0118F51A6CE382004A4FE0 /* main.m */; };
		CC0118F91A6CE382004A4FE0 /* AppDelegate.m in Sources */ = {isa = PBXBuildFile; fileRef = CC0118F81A6CE382004A4FE0 /* AppDelegate.m */; };
		CC0118FC1A6CE382004A4FE0 /* ViewController.m in Sources */ = {isa = PBXBuildFile; fileRef = CC0118FB1A6CE382004A4FE0 /* ViewController.m */; };
		CC0118FF1A6CE382004A4FE0 /* Main.storyboard in Resources */ = {isa = PBXBuildFile; fileRef = CC0118FD1A6CE382004A4FE0 /* Main.storyboard */; };
		CC0119011A6CE382004A4FE0 /* Images.xcassets in Resources */ = {isa = PBXBuildFile; fileRef = CC0119001A6CE382004A4FE0 /* Images.xcassets */; };
		CC0119041A6CE382004A4FE0 /* LaunchScreen.xib in Resources */ = {isa = PBXBuildFile; fileRef = CC0119021A6CE382004A4FE0 /* LaunchScreen.xib */; };
		CC0119101A6CE382004A4FE0 /* Code_UpTests.m in Sources */ = {isa = PBXBuildFile; fileRef = CC01190F1A6CE382004A4FE0 /* Code_UpTests.m */; };
		CC01191A1A6DE668004A4FE0 /* UIKit.framework in Frameworks */ = {isa = PBXBuildFile; fileRef = CC0119191A6DE668004A4FE0 /* UIKit.framework */; };
		CC01191C1A6DE670004A4FE0 /* Foundation.framework in Frameworks */ = {isa = PBXBuildFile; fileRef = CC01191B1A6DE670004A4FE0 /* Foundation.framework */; };
		CC01191E1A6DE6C7004A4FE0 /* CoreGraphics.framework in Frameworks */ = {isa = PBXBuildFile; fileRef = CC01191D1A6DE6C7004A4FE0 /* CoreGraphics.framework */; };
		CC0119201A6DE70F004A4FE0 /* QuartzCore.framework in Frameworks */ = {isa = PBXBuildFile; fileRef = CC01191F1A6DE70F004A4FE0 /* QuartzCore.framework */; };
		CCD4D6CB1A6EF9C100EB5B98 /* libDHCPServer.A.dylib in Frameworks */ = {isa = PBXBuildFile; fileRef = CCD4D6C61A6EF9C100EB5B98 /* libDHCPServer.A.dylib */; };
		CCD4D6CC1A6EF9C100EB5B98 /* libicucore.A.dylib in Frameworks */ = {isa = PBXBuildFile; fileRef = CCD4D6C71A6EF9C100EB5B98 /* libicucore.A.dylib */; };
		CCD4D6CD1A6EF9C100EB5B98 /* libipsec.A.dylib in Frameworks */ = {isa = PBXBuildFile; fileRef = CCD4D6C81A6EF9C100EB5B98 /* libipsec.A.dylib */; };
		CCD4D6CE1A6EF9C100EB5B98 /* libobjc.A.dylib in Frameworks */ = {isa = PBXBuildFile; fileRef = CCD4D6C91A6EF9C100EB5B98 /* libobjc.A.dylib */; };
		CCD4D6CF1A6EF9C100EB5B98 /* libtidy.A.dylib in Frameworks */ = {isa = PBXBuildFile; fileRef = CCD4D6CA1A6EF9C100EB5B98 /* libtidy.A.dylib */; };
/* End PBXBuildFile section */

/* Begin PBXContainerItemProxy section */
		CC01190A1A6CE382004A4FE0 /* PBXContainerItemProxy */ = {
			isa = PBXContainerItemProxy;
			containerPortal = CC0118E81A6CE382004A4FE0 /* Project object */;
			proxyType = 1;
			remoteGlobalIDString = CC0118EF1A6CE382004A4FE0;
			remoteInfo = "Code-Up";
		};
/* End PBXContainerItemProxy section */

/* Begin PBXFileReference section */
		166D14066D886370041A4F9F /* libPods-Code-Up.a */ = {isa = PBXFileReference; explicitFileType = archive.ar; includeInIndex = 0; path = "libPods-Code-Up.a"; sourceTree = BUILT_PRODUCTS_DIR; };
		175C38E64EF8381F70110A3D /* Pods-Code-Up.debug.xcconfig */ = {isa = PBXFileReference; includeInIndex = 1; lastKnownFileType = text.xcconfig; name = "Pods-Code-Up.debug.xcconfig"; path = "Pods/Target Support Files/Pods-Code-Up/Pods-Code-Up.debug.xcconfig"; sourceTree = "<group>"; };
		6136860C2B4B512B17AB39A2 /* Pods-Code-Up.release.xcconfig */ = {isa = PBXFileReference; includeInIndex = 1; lastKnownFileType = text.xcconfig; name = "Pods-Code-Up.release.xcconfig"; path = "Pods/Target Support Files/Pods-Code-Up/Pods-Code-Up.release.xcconfig"; sourceTree = "<group>"; };
		CC0118F01A6CE382004A4FE0 /* Code-Up.app */ = {isa = PBXFileReference; explicitFileType = wrapper.application; includeInIndex = 0; path = "Code-Up.app"; sourceTree = BUILT_PRODUCTS_DIR; };
		CC0118F41A6CE382004A4FE0 /* Info.plist */ = {isa = PBXFileReference; lastKnownFileType = text.plist.xml; path = Info.plist; sourceTree = "<group>"; };
		CC0118F51A6CE382004A4FE0 /* main.m */ = {isa = PBXFileReference; lastKnownFileType = sourcecode.c.objc; path = main.m; sourceTree = "<group>"; };
		CC0118F71A6CE382004A4FE0 /* AppDelegate.h */ = {isa = PBXFileReference; lastKnownFileType = sourcecode.c.h; path = AppDelegate.h; sourceTree = "<group>"; };
		CC0118F81A6CE382004A4FE0 /* AppDelegate.m */ = {isa = PBXFileReference; lastKnownFileType = sourcecode.c.objc; path = AppDelegate.m; sourceTree = "<group>"; };
		CC0118FA1A6CE382004A4FE0 /* ViewController.h */ = {isa = PBXFileReference; lastKnownFileType = sourcecode.c.h; path = ViewController.h; sourceTree = "<group>"; };
		CC0118FB1A6CE382004A4FE0 /* ViewController.m */ = {isa = PBXFileReference; lastKnownFileType = sourcecode.c.objc; path = ViewController.m; sourceTree = "<group>"; };
		CC0118FE1A6CE382004A4FE0 /* Base */ = {isa = PBXFileReference; lastKnownFileType = file.storyboard; name = Base; path = Base.lproj/Main.storyboard; sourceTree = "<group>"; };
		CC0119001A6CE382004A4FE0 /* Images.xcassets */ = {isa = PBXFileReference; lastKnownFileType = folder.assetcatalog; path = Images.xcassets; sourceTree = "<group>"; };
		CC0119031A6CE382004A4FE0 /* Base */ = {isa = PBXFileReference; lastKnownFileType = file.xib; name = Base; path = Base.lproj/LaunchScreen.xib; sourceTree = "<group>"; };
		CC0119091A6CE382004A4FE0 /* Code-UpTests.xctest */ = {isa = PBXFileReference; explicitFileType = wrapper.cfbundle; includeInIndex = 0; path = "Code-UpTests.xctest"; sourceTree = BUILT_PRODUCTS_DIR; };
		CC01190E1A6CE382004A4FE0 /* Info.plist */ = {isa = PBXFileReference; lastKnownFileType = text.plist.xml; path = Info.plist; sourceTree = "<group>"; };
		CC01190F1A6CE382004A4FE0 /* Code_UpTests.m */ = {isa = PBXFileReference; lastKnownFileType = sourcecode.c.objc; path = Code_UpTests.m; sourceTree = "<group>"; };
		CC0119191A6DE668004A4FE0 /* UIKit.framework */ = {isa = PBXFileReference; lastKnownFileType = wrapper.framework; name = UIKit.framework; path = System/Library/Frameworks/UIKit.framework; sourceTree = SDKROOT; };
		CC01191B1A6DE670004A4FE0 /* Foundation.framework */ = {isa = PBXFileReference; lastKnownFileType = wrapper.framework; name = Foundation.framework; path = System/Library/Frameworks/Foundation.framework; sourceTree = SDKROOT; };
		CC01191D1A6DE6C7004A4FE0 /* CoreGraphics.framework */ = {isa = PBXFileReference; lastKnownFileType = wrapper.framework; name = CoreGraphics.framework; path = System/Library/Frameworks/CoreGraphics.framework; sourceTree = SDKROOT; };
		CC01191F1A6DE70F004A4FE0 /* QuartzCore.framework */ = {isa = PBXFileReference; lastKnownFileType = wrapper.framework; name = QuartzCore.framework; path = System/Library/Frameworks/QuartzCore.framework; sourceTree = SDKROOT; };
		CCD4D6C61A6EF9C100EB5B98 /* libDHCPServer.A.dylib */ = {isa = PBXFileReference; lastKnownFileType = "compiled.mach-o.dylib"; name = libDHCPServer.A.dylib; path = usr/lib/libDHCPServer.A.dylib; sourceTree = SDKROOT; };
		CCD4D6C71A6EF9C100EB5B98 /* libicucore.A.dylib */ = {isa = PBXFileReference; lastKnownFileType = "compiled.mach-o.dylib"; name = libicucore.A.dylib; path = usr/lib/libicucore.A.dylib; sourceTree = SDKROOT; };
		CCD4D6C81A6EF9C100EB5B98 /* libipsec.A.dylib */ = {isa = PBXFileReference; lastKnownFileType = "compiled.mach-o.dylib"; name = libipsec.A.dylib; path = usr/lib/libipsec.A.dylib; sourceTree = SDKROOT; };
		CCD4D6C91A6EF9C100EB5B98 /* libobjc.A.dylib */ = {isa = PBXFileReference; lastKnownFileType = "compiled.mach-o.dylib"; name = libobjc.A.dylib; path = usr/lib/libobjc.A.dylib; sourceTree = SDKROOT; };
		CCD4D6CA1A6EF9C100EB5B98 /* libtidy.A.dylib */ = {isa = PBXFileReference; lastKnownFileType = "compiled.mach-o.dylib"; name = libtidy.A.dylib; path = usr/lib/libtidy.A.dylib; sourceTree = SDKROOT; };
/* End PBXFileReference section */

/* Begin PBXFrameworksBuildPhase section */
		CC0118ED1A6CE382004A4FE0 /* Frameworks */ = {
			isa = PBXFrameworksBuildPhase;
			buildActionMask = 2147483647;
			files = (
				CC01191C1A6DE670004A4FE0 /* Foundation.framework in Frameworks */,
				CCD4D6CB1A6EF9C100EB5B98 /* libDHCPServer.A.dylib in Frameworks */,
				CCD4D6CC1A6EF9C100EB5B98 /* libicucore.A.dylib in Frameworks */,
				CCD4D6CD1A6EF9C100EB5B98 /* libipsec.A.dylib in Frameworks */,
				CCD4D6CE1A6EF9C100EB5B98 /* libobjc.A.dylib in Frameworks */,
				CCD4D6CF1A6EF9C100EB5B98 /* libtidy.A.dylib in Frameworks */,
				CC0119201A6DE70F004A4FE0 /* QuartzCore.framework in Frameworks */,
				CC01191E1A6DE6C7004A4FE0 /* CoreGraphics.framework in Frameworks */,
				CC01191A1A6DE668004A4FE0 /* UIKit.framework in Frameworks */,
			);
			runOnlyForDeploymentPostprocessing = 0;
		};
		CC0119061A6CE382004A4FE0 /* Frameworks */ = {
			isa = PBXFrameworksBuildPhase;
			buildActionMask = 2147483647;
			files = (
			);
			runOnlyForDeploymentPostprocessing = 0;
		};
/* End PBXFrameworksBuildPhase section */

/* Begin PBXGroup section */
		2854FAEE6A92F47DEB933E57 /* Pods */ = {
			isa = PBXGroup;
			children = (
				175C38E64EF8381F70110A3D /* Pods-Code-Up.debug.xcconfig */,
				6136860C2B4B512B17AB39A2 /* Pods-Code-Up.release.xcconfig */,
			);
			name = Pods;
			sourceTree = "<group>";
		};
		811F81F5EDBC08E61CD2C970 /* Frameworks */ = {
			isa = PBXGroup;
			children = (
				166D14066D886370041A4F9F /* libPods-Code-Up.a */,
			);
			name = Frameworks;
			sourceTree = "<group>";
		};
		CC0118E71A6CE382004A4FE0 = {
			isa = PBXGroup;
			children = (
				CCD4D6C61A6EF9C100EB5B98 /* libDHCPServer.A.dylib */,
				CCD4D6C71A6EF9C100EB5B98 /* libicucore.A.dylib */,
				CCD4D6C81A6EF9C100EB5B98 /* libipsec.A.dylib */,
				CCD4D6C91A6EF9C100EB5B98 /* libobjc.A.dylib */,
				CCD4D6CA1A6EF9C100EB5B98 /* libtidy.A.dylib */,
				CC0118F21A6CE382004A4FE0 /* Code-Up */,
				CC01190C1A6CE382004A4FE0 /* Code-UpTests */,
				CC0118F11A6CE382004A4FE0 /* Products */,
				CC01191F1A6DE70F004A4FE0 /* QuartzCore.framework */,
				CC01191D1A6DE6C7004A4FE0 /* CoreGraphics.framework */,
				CC0119191A6DE668004A4FE0 /* UIKit.framework */,
				CC01191B1A6DE670004A4FE0 /* Foundation.framework */,
				2854FAEE6A92F47DEB933E57 /* Pods */,
				811F81F5EDBC08E61CD2C970 /* Frameworks */,
			);
			sourceTree = "<group>";
		};
		CC0118F11A6CE382004A4FE0 /* Products */ = {
			isa = PBXGroup;
			children = (
				CC0118F01A6CE382004A4FE0 /* Code-Up.app */,
				CC0119091A6CE382004A4FE0 /* Code-UpTests.xctest */,
			);
			name = Products;
			sourceTree = "<group>";
		};
		CC0118F21A6CE382004A4FE0 /* Code-Up */ = {
			isa = PBXGroup;
			children = (
				CC0118F71A6CE382004A4FE0 /* AppDelegate.h */,
				CC0118F81A6CE382004A4FE0 /* AppDelegate.m */,
				CC0118FA1A6CE382004A4FE0 /* ViewController.h */,
				CC0118FB1A6CE382004A4FE0 /* ViewController.m */,
				CC0118FD1A6CE382004A4FE0 /* Main.storyboard */,
				CC0119001A6CE382004A4FE0 /* Images.xcassets */,
				CC0119021A6CE382004A4FE0 /* LaunchScreen.xib */,
				CC0118F31A6CE382004A4FE0 /* Supporting Files */,
			);
			path = "Code-Up";
			sourceTree = "<group>";
		};
		CC0118F31A6CE382004A4FE0 /* Supporting Files */ = {
			isa = PBXGroup;
			children = (
				CC0118F41A6CE382004A4FE0 /* Info.plist */,
				CC0118F51A6CE382004A4FE0 /* main.m */,
			);
			name = "Supporting Files";
			sourceTree = "<group>";
		};
		CC01190C1A6CE382004A4FE0 /* Code-UpTests */ = {
			isa = PBXGroup;
			children = (
				CC01190F1A6CE382004A4FE0 /* Code_UpTests.m */,
				CC01190D1A6CE382004A4FE0 /* Supporting Files */,
			);
			path = "Code-UpTests";
			sourceTree = "<group>";
		};
		CC01190D1A6CE382004A4FE0 /* Supporting Files */ = {
			isa = PBXGroup;
			children = (
				CC01190E1A6CE382004A4FE0 /* Info.plist */,
			);
			name = "Supporting Files";
			sourceTree = "<group>";
		};
/* End PBXGroup section */

/* Begin PBXNativeTarget section */
		CC0118EF1A6CE382004A4FE0 /* Code-Up */ = {
			isa = PBXNativeTarget;
			buildConfigurationList = CC0119131A6CE382004A4FE0 /* Build configuration list for PBXNativeTarget "Code-Up" */;
			buildPhases = (
				83CF881DF5A3982A0F3DD5E0 /* Check Pods Manifest.lock */,
				CC0118EC1A6CE382004A4FE0 /* Sources */,
				CC0118ED1A6CE382004A4FE0 /* Frameworks */,
				CC0118EE1A6CE382004A4FE0 /* Resources */,
				BB54E6950DB0ED1C524CE11C /* Copy Pods Resources */,
			);
			buildRules = (
			);
			dependencies = (
			);
			name = "Code-Up";
			productName = "Code-Up";
			productReference = CC0118F01A6CE382004A4FE0 /* Code-Up.app */;
			productType = "com.apple.product-type.application";
		};
		CC0119081A6CE382004A4FE0 /* Code-UpTests */ = {
			isa = PBXNativeTarget;
			buildConfigurationList = CC0119161A6CE382004A4FE0 /* Build configuration list for PBXNativeTarget "Code-UpTests" */;
			buildPhases = (
				CC0119051A6CE382004A4FE0 /* Sources */,
				CC0119061A6CE382004A4FE0 /* Frameworks */,
				CC0119071A6CE382004A4FE0 /* Resources */,
			);
			buildRules = (
			);
			dependencies = (
				CC01190B1A6CE382004A4FE0 /* PBXTargetDependency */,
			);
			name = "Code-UpTests";
			productName = "Code-UpTests";
			productReference = CC0119091A6CE382004A4FE0 /* Code-UpTests.xctest */;
			productType = "com.apple.product-type.bundle.unit-test";
		};
/* End PBXNativeTarget section */

/* Begin PBXProject section */
		CC0118E81A6CE382004A4FE0 /* Project object */ = {
			isa = PBXProject;
			attributes = {
				LastUpgradeCheck = 0610;
				ORGANIZATIONNAME = "Adil  Virani";
				TargetAttributes = {
					CC0118EF1A6CE382004A4FE0 = {
						CreatedOnToolsVersion = 6.1.1;
					};
					CC0119081A6CE382004A4FE0 = {
						CreatedOnToolsVersion = 6.1.1;
						TestTargetID = CC0118EF1A6CE382004A4FE0;
					};
				};
			};
			buildConfigurationList = CC0118EB1A6CE382004A4FE0 /* Build configuration list for PBXProject "Code-Up" */;
			compatibilityVersion = "Xcode 3.2";
			developmentRegion = English;
			hasScannedForEncodings = 0;
			knownRegions = (
				en,
				Base,
			);
			mainGroup = CC0118E71A6CE382004A4FE0;
			productRefGroup = CC0118F11A6CE382004A4FE0 /* Products */;
			projectDirPath = "";
			projectRoot = "";
			targets = (
				CC0118EF1A6CE382004A4FE0 /* Code-Up */,
				CC0119081A6CE382004A4FE0 /* Code-UpTests */,
			);
		};
/* End PBXProject section */

/* Begin PBXResourcesBuildPhase section */
		CC0118EE1A6CE382004A4FE0 /* Resources */ = {
			isa = PBXResourcesBuildPhase;
			buildActionMask = 2147483647;
			files = (
				CC0118FF1A6CE382004A4FE0 /* Main.storyboard in Resources */,
				CC0119041A6CE382004A4FE0 /* LaunchScreen.xib in Resources */,
				CC0119011A6CE382004A4FE0 /* Images.xcassets in Resources */,
			);
			runOnlyForDeploymentPostprocessing = 0;
		};
		CC0119071A6CE382004A4FE0 /* Resources */ = {
			isa = PBXResourcesBuildPhase;
			buildActionMask = 2147483647;
			files = (
			);
			runOnlyForDeploymentPostprocessing = 0;
		};
/* End PBXResourcesBuildPhase section */

/* Begin PBXShellScriptBuildPhase section */
		83CF881DF5A3982A0F3DD5E0 /* Check Pods Manifest.lock */ = {
			isa = PBXShellScriptBuildPhase;
			buildActionMask = 2147483647;
			files = (
			);
			inputPaths = (
			);
			name = "Check Pods Manifest.lock";
			outputPaths = (
			);
			runOnlyForDeploymentPostprocessing = 0;
			shellPath = /bin/sh;
			shellScript = "diff \"${PODS_ROOT}/../Podfile.lock\" \"${PODS_ROOT}/Manifest.lock\" > /dev/null\nif [[ $? != 0 ]] ; then\n    cat << EOM\nerror: The sandbox is not in sync with the Podfile.lock. Run 'pod install' or update your CocoaPods installation.\nEOM\n    exit 1\nfi\n";
			showEnvVarsInLog = 0;
		};
		BB54E6950DB0ED1C524CE11C /* Copy Pods Resources */ = {
			isa = PBXShellScriptBuildPhase;
			buildActionMask = 2147483647;
			files = (
			);
			inputPaths = (
			);
			name = "Copy Pods Resources";
			outputPaths = (
			);
			runOnlyForDeploymentPostprocessing = 0;
			shellPath = /bin/sh;
			shellScript = "\"${SRCROOT}/Pods/Target Support Files/Pods-Code-Up/Pods-Code-Up-resources.sh\"\n";
			showEnvVarsInLog = 0;
		};
/* End PBXShellScriptBuildPhase section */

/* Begin PBXSourcesBuildPhase section */
		CC0118EC1A6CE382004A4FE0 /* Sources */ = {
			isa = PBXSourcesBuildPhase;
			buildActionMask = 2147483647;
			files = (
				CC0118FC1A6CE382004A4FE0 /* ViewController.m in Sources */,
				CC0118F91A6CE382004A4FE0 /* AppDelegate.m in Sources */,
				CC0118F61A6CE382004A4FE0 /* main.m in Sources */,
			);
			runOnlyForDeploymentPostprocessing = 0;
		};
		CC0119051A6CE382004A4FE0 /* Sources */ = {
			isa = PBXSourcesBuildPhase;
			buildActionMask = 2147483647;
			files = (
				CC0119101A6CE382004A4FE0 /* Code_UpTests.m in Sources */,
			);
			runOnlyForDeploymentPostprocessing = 0;
		};
/* End PBXSourcesBuildPhase section */

/* Begin PBXTargetDependency section */
		CC01190B1A6CE382004A4FE0 /* PBXTargetDependency */ = {
			isa = PBXTargetDependency;
			target = CC0118EF1A6CE382004A4FE0 /* Code-Up */;
			targetProxy = CC01190A1A6CE382004A4FE0 /* PBXContainerItemProxy */;
		};
/* End PBXTargetDependency section */

/* Begin PBXVariantGroup section */
		CC0118FD1A6CE382004A4FE0 /* Main.storyboard */ = {
			isa = PBXVariantGroup;
			children = (
				CC0118FE1A6CE382004A4FE0 /* Base */,
			);
			name = Main.storyboard;
			sourceTree = "<group>";
		};
		CC0119021A6CE382004A4FE0 /* LaunchScreen.xib */ = {
			isa = PBXVariantGroup;
			children = (
				CC0119031A6CE382004A4FE0 /* Base */,
			);
			name = LaunchScreen.xib;
			sourceTree = "<group>";
		};
/* End PBXVariantGroup section */

/* Begin XCBuildConfiguration section */
		CC0119111A6CE382004A4FE0 /* Debug */ = {
			isa = XCBuildConfiguration;
			buildSettings = {
				ALWAYS_SEARCH_USER_PATHS = NO;
				CLANG_CXX_LANGUAGE_STANDARD = "gnu++0x";
				CLANG_CXX_LIBRARY = "libc++";
				CLANG_ENABLE_MODULES = YES;
				CLANG_ENABLE_OBJC_ARC = YES;
				CLANG_WARN_BOOL_CONVERSION = YES;
				CLANG_WARN_CONSTANT_CONVERSION = YES;
				CLANG_WARN_DIRECT_OBJC_ISA_USAGE = YES_ERROR;
				CLANG_WARN_EMPTY_BODY = YES;
				CLANG_WARN_ENUM_CONVERSION = YES;
				CLANG_WARN_INT_CONVERSION = YES;
				CLANG_WARN_OBJC_ROOT_CLASS = YES_ERROR;
				CLANG_WARN_UNREACHABLE_CODE = YES;
				CLANG_WARN__DUPLICATE_METHOD_MATCH = YES;
				"CODE_SIGN_IDENTITY[sdk=iphoneos*]" = "iPhone Developer";
				COPY_PHASE_STRIP = NO;
				ENABLE_STRICT_OBJC_MSGSEND = YES;
				GCC_C_LANGUAGE_STANDARD = gnu99;
				GCC_DYNAMIC_NO_PIC = NO;
				GCC_OPTIMIZATION_LEVEL = 0;
				GCC_PREPROCESSOR_DEFINITIONS = (
					"DEBUG=1",
					"$(inherited)",
				);
				GCC_SYMBOLS_PRIVATE_EXTERN = NO;
				GCC_WARN_64_TO_32_BIT_CONVERSION = YES;
				GCC_WARN_ABOUT_RETURN_TYPE = YES_ERROR;
				GCC_WARN_UNDECLARED_SELECTOR = YES;
				GCC_WARN_UNINITIALIZED_AUTOS = YES_AGGRESSIVE;
				GCC_WARN_UNUSED_FUNCTION = YES;
				GCC_WARN_UNUSED_VARIABLE = YES;
				IPHONEOS_DEPLOYMENT_TARGET = 8.1;
				MTL_ENABLE_DEBUG_INFO = YES;
				ONLY_ACTIVE_ARCH = YES;
				SDKROOT = iphoneos;
			};
			name = Debug;
		};
		CC0119121A6CE382004A4FE0 /* Release */ = {
			isa = XCBuildConfiguration;
			buildSettings = {
				ALWAYS_SEARCH_USER_PATHS = NO;
				CLANG_CXX_LANGUAGE_STANDARD = "gnu++0x";
				CLANG_CXX_LIBRARY = "libc++";
				CLANG_ENABLE_MODULES = YES;
				CLANG_ENABLE_OBJC_ARC = YES;
				CLANG_WARN_BOOL_CONVERSION = YES;
				CLANG_WARN_CONSTANT_CONVERSION = YES;
				CLANG_WARN_DIRECT_OBJC_ISA_USAGE = YES_ERROR;
				CLANG_WARN_EMPTY_BODY = YES;
				CLANG_WARN_ENUM_CONVERSION = YES;
				CLANG_WARN_INT_CONVERSION = YES;
				CLANG_WARN_OBJC_ROOT_CLASS = YES_ERROR;
				CLANG_WARN_UNREACHABLE_CODE = YES;
				CLANG_WARN__DUPLICATE_METHOD_MATCH = YES;
				"CODE_SIGN_IDENTITY[sdk=iphoneos*]" = "iPhone Developer";
				COPY_PHASE_STRIP = YES;
				ENABLE_NS_ASSERTIONS = NO;
				ENABLE_STRICT_OBJC_MSGSEND = YES;
				GCC_C_LANGUAGE_STANDARD = gnu99;
				GCC_WARN_64_TO_32_BIT_CONVERSION = YES;
				GCC_WARN_ABOUT_RETURN_TYPE = YES_ERROR;
				GCC_WARN_UNDECLARED_SELECTOR = YES;
				GCC_WARN_UNINITIALIZED_AUTOS = YES_AGGRESSIVE;
				GCC_WARN_UNUSED_FUNCTION = YES;
				GCC_WARN_UNUSED_VARIABLE = YES;
				IPHONEOS_DEPLOYMENT_TARGET = 8.1;
				MTL_ENABLE_DEBUG_INFO = NO;
				SDKROOT = iphoneos;
				VALIDATE_PRODUCT = YES;
			};
			name = Release;
		};
		CC0119141A6CE382004A4FE0 /* Debug */ = {
			isa = XCBuildConfiguration;
			baseConfigurationReference = 175C38E64EF8381F70110A3D /* Pods-Code-Up.debug.xcconfig */;
			buildSettings = {
				ASSETCATALOG_COMPILER_APPICON_NAME = AppIcon;
				CODE_SIGN_IDENTITY = "iPhone Developer";
				INFOPLIST_FILE = "Code-Up/Info.plist";
				LD_RUNPATH_SEARCH_PATHS = "$(inherited) @executable_path/Frameworks";
				PRODUCT_NAME = "$(TARGET_NAME)";
			};
			name = Debug;
		};
		CC0119151A6CE382004A4FE0 /* Release */ = {
			isa = XCBuildConfiguration;
			baseConfigurationReference = 6136860C2B4B512B17AB39A2 /* Pods-Code-Up.release.xcconfig */;
			buildSettings = {
				ASSETCATALOG_COMPILER_APPICON_NAME = AppIcon;
				CODE_SIGN_IDENTITY = "iPhone Developer";
				INFOPLIST_FILE = "Code-Up/Info.plist";
				LD_RUNPATH_SEARCH_PATHS = "$(inherited) @executable_path/Frameworks";
				PRODUCT_NAME = "$(TARGET_NAME)";
			};
			name = Release;
		};
		CC0119171A6CE382004A4FE0 /* Debug */ = {
			isa = XCBuildConfiguration;
			buildSettings = {
				BUNDLE_LOADER = "$(TEST_HOST)";
				FRAMEWORK_SEARCH_PATHS = (
					"$(SDKROOT)/Developer/Library/Frameworks",
					"$(inherited)",
				);
				GCC_PREPROCESSOR_DEFINITIONS = (
					"DEBUG=1",
					"$(inherited)",
				);
				INFOPLIST_FILE = "Code-UpTests/Info.plist";
				LD_RUNPATH_SEARCH_PATHS = "$(inherited) @executable_path/Frameworks @loader_path/Frameworks";
				PRODUCT_NAME = "$(TARGET_NAME)";
				TEST_HOST = "$(BUILT_PRODUCTS_DIR)/Code-Up.app/Code-Up";
			};
			name = Debug;
		};
		CC0119181A6CE382004A4FE0 /* Release */ = {
			isa = XCBuildConfiguration;
			buildSettings = {
				BUNDLE_LOADER = "$(TEST_HOST)";
				FRAMEWORK_SEARCH_PATHS = (
					"$(SDKROOT)/Developer/Library/Frameworks",
					"$(inherited)",
				);
				INFOPLIST_FILE = "Code-UpTests/Info.plist";
				LD_RUNPATH_SEARCH_PATHS = "$(inherited) @executable_path/Frameworks @loader_path/Frameworks";
				PRODUCT_NAME = "$(TARGET_NAME)";
				TEST_HOST = "$(BUILT_PRODUCTS_DIR)/Code-Up.app/Code-Up";
			};
			name = Release;
		};
/* End XCBuildConfiguration section */

/* Begin XCConfigurationList section */
		CC0118EB1A6CE382004A4FE0 /* Build configuration list for PBXProject "Code-Up" */ = {
			isa = XCConfigurationList;
			buildConfigurations = (
				CC0119111A6CE382004A4FE0 /* Debug */,
				CC0119121A6CE382004A4FE0 /* Release */,
			);
			defaultConfigurationIsVisible = 0;
			defaultConfigurationName = Release;
		};
		CC0119131A6CE382004A4FE0 /* Build configuration list for PBXNativeTarget "Code-Up" */ = {
			isa = XCConfigurationList;
			buildConfigurations = (
				CC0119141A6CE382004A4FE0 /* Debug */,
				CC0119151A6CE382004A4FE0 /* Release */,
			);
			defaultConfigurationIsVisible = 0;
			defaultConfigurationName = Release;
		};
		CC0119161A6CE382004A4FE0 /* Build configuration list for PBXNativeTarget "Code-UpTests" */ = {
			isa = XCConfigurationList;
			buildConfigurations = (
				CC0119171A6CE382004A4FE0 /* Debug */,
				CC0119181A6CE382004A4FE0 /* Release */,
			);
			defaultConfigurationIsVisible = 0;
			defaultConfigurationName = Release;
		};
/* End XCConfigurationList section */
	};
	rootObject = CC0118E81A6CE382004A4FE0 /* Project object */;
}
